
Microsoft Visual Studio Solution File, Format Version 12.00
# Visual Studio 15
VisualStudioVersion = 15.0.28010.2003
MinimumVisualStudioVersion = 10.0.40219.1
Project("{8BC9CEB8-8B4A-11D0-8D11-00A0C91BC942}") = "Project 03", "Project 03.vcxproj", "{5DFD5F61-2E09-4FD8-82E1-BB43CF7D0BCD}"
EndProject
Project("{2150E333-8FDC-42A3-9474-1A3956D46DE8}") = "Solution Items", "Solution Items", "{F6C51E00-785F-4B68-AC22-92E78E32AF58}"
	ProjectSection(SolutionItems) = preProject
		bibleBookNames.txt = bibleBookNames.txt
		Makefile = Makefile
	EndProjectSection
EndProject
Global
	GlobalSection(SolutionConfigurationPlatforms) = preSolution
		Debug|x64 = Debug|x64
		Debug|x86 = Debug|x86
		Release|x64 = Release|x64
		Release|x86 = Release|x86
	EndGlobalSection
	GlobalSection(ProjectConfigurationPlatforms) = postSolution
		{5DFD5F61-2E09-4FD8-82E1-BB43CF7D0BCD}.Debug|x64.ActiveCfg = Debug|x64
		{5DFD5F61-2E09-4FD8-82E1-BB43CF7D0BCD}.Debug|x64.Build.0 = Debug|x64
		{5DFD5F61-2E09-4FD8-82E1-BB43CF7D0BCD}.Debug|x86.ActiveCfg = Debug|Win32
		{5DFD5F61-2E09-4FD8-82E1-BB43CF7D0BCD}.Debug|x86.Build.0 = Debug|Win32
		{5DFD5F61-2E09-4FD8-82E1-BB43CF7D0BCD}.Release|x64.ActiveCfg = Release|x64
		{5DFD5F61-2E09-4FD8-82E1-BB43CF7D0BCD}.Release|x64.Build.0 = Release|x64
		{5DFD5F61-2E09-4FD8-82E1-BB43CF7D0BCD}.Release|x86.ActiveCfg = Release|Win32
		{5DFD5F61-2E09-4FD8-82E1-BB43CF7D0BCD}.Release|x86.Build.0 = Release|Win32
	EndGlobalSection
	GlobalSection(SolutionProperties) = preSolution
		HideSolutionNode = FALSE
	EndGlobalSection
	GlobalSection(ExtensibilityGlobals) = postSolution
		SolutionGuid = {070276BE-A5DB-4C05-B0CC-EA71569F35FC}
	EndGlobalSection
EndGlobal
